{
  "lockfile-version": 1,
  "manifest": {
    "schema-version": "1.12.0",
    "install": {
      "datecli": {
        "pkg-path": "jbayer/datecli",
        "pkg-group": "datecli"
      },
      "gum": {
        "pkg-path": "gum"
      }
    },
    "profile": {
      "common": "  gum style \\\n    --border rounded --border-foreground 212 \\\n    --margin \"1 2\" --padding \"1 3\" --align left \\\n    \"datecli demo environment\" \\\n    \"\" \\\n    \"Run 'datecli' to print the current date and time.\" \\\n    \"\" \\\n    \"Learn more: https://github.com/jbayer/flox-package-demo\"\n"
    },
    "options": {
      "systems": [
        "aarch64-darwin",
        "aarch64-linux"
      ]
    }
  },
  "packages": [
    {
      "attr_path": "datecli",
      "derivation": "/nix/store/zc522ckvxvs6pi6qzl58wacsl71vlp0z-datecli-0.1.0.drv",
      "description": "Example CLI that prints the current date and time",
      "install_id": "datecli",
      "locked_url": "ssh://git@github.com/jbayer/flox-package-demo.git?rev=f5a911a95ffc266a9438d375dca3e518b19de146",
      "name": "datecli-0.1.0",
      "pname": "datecli",
      "rev": "f5a911a95ffc266a9438d375dca3e518b19de146",
      "rev_count": 1,
      "rev_date": "2026-06-10T00:07:23Z",
      "scrape_date": "2026-06-10T00:47:32.932226Z",
      "stabilities": [
        "unstable"
      ],
      "version": "0.1.0",
      "outputs_to_install": [
        "out"
      ],
      "outputs": {
        "out": "/nix/store/7mbpz8v50w7hm7is1qxyzmh4iviyz24d-datecli-0.1.0"
      },
      "system": "aarch64-darwin",
      "group": "datecli",
      "priority": 5
    },
    {
      "attr_path": "datecli",
      "derivation": "/nix/store/kskf1y3ii9dp8ahz5c6xwjr4iarajdli-datecli-0.1.0.drv",
      "description": "Example CLI that prints the current date and time",
      "install_id": "datecli",
      "locked_url": "https://github.com/jbayer/flox-package-demo.git?rev=6dcd3ab694789942d11c8383525c754a6ecf7498",
      "name": "datecli-0.1.0",
      "pname": "datecli",
      "rev": "6dcd3ab694789942d11c8383525c754a6ecf7498",
      "rev_count": 3,
      "rev_date": "2026-06-10T00:22:07Z",
      "scrape_date": "2026-06-10T00:47:32.932231Z",
      "stabilities": [
        "unstable"
      ],
      "version": "0.1.0",
      "outputs_to_install": [
        "out"
      ],
      "outputs": {
        "out": "/nix/store/y8kgpgbnpzlvs4nxdbx42yflibxrmgn1-datecli-0.1.0"
      },
      "system": "aarch64-linux",
      "group": "datecli",
      "priority": 5
    },
    {
      "attr_path": "gum",
      "broken": false,
      "derivation": "/nix/store/jsk66asqq2wnckkllv9sm1y94mxl0asm-gum-0.17.0.drv",
      "description": "Tasty Bubble Gum for your shell",
      "install_id": "gum",
      "license": "MIT",
      "locked_url": "https://github.com/flox/nixpkgs?rev=a799d3e3886da994fa307f817a6bc705ae538eeb",
      "name": "gum-0.17.0",
      "pname": "gum",
      "rev": "a799d3e3886da994fa307f817a6bc705ae538eeb",
      "rev_count": 1011622,
      "rev_date": "2026-06-06T12:30:50Z",
      "scrape_date": "2026-06-08T03:14:20.405319Z",
      "stabilities": [
        "unstable"
      ],
      "unfree": false,
      "version": "0.17.0",
      "outputs_to_install": [
        "out"
      ],
      "outputs": {
        "out": "/nix/store/6jb5frkadampkcmbjynch118cc4smzfj-gum-0.17.0"
      },
      "system": "aarch64-darwin",
      "group": "toplevel",
      "priority": 5
    },
    {
      "attr_path": "gum",
      "broken": false,
      "derivation": "/nix/store/2nqf2anq5klv1xf66jgz1gm8xrdid4ax-gum-0.17.0.drv",
      "description": "Tasty Bubble Gum for your shell",
      "install_id": "gum",
      "license": "MIT",
      "locked_url": "https://github.com/flox/nixpkgs?rev=a799d3e3886da994fa307f817a6bc705ae538eeb",
      "name": "gum-0.17.0",
      "pname": "gum",
      "rev": "a799d3e3886da994fa307f817a6bc705ae538eeb",
      "rev_count": 1011622,
      "rev_date": "2026-06-06T12:30:50Z",
      "scrape_date": "2026-06-08T03:46:53.721382Z",
      "stabilities": [
        "unstable"
      ],
      "unfree": false,
      "version": "0.17.0",
      "outputs_to_install": [
        "out"
      ],
      "outputs": {
        "out": "/nix/store/8p8fi8pl4lb776q2gnby3rd3mcbj5grh-gum-0.17.0"
      },
      "system": "aarch64-linux",
      "group": "toplevel",
      "priority": 5
    }
  ]
}
